
Microsoft Visual Studio Solution File, Format Version 12.00
# Visual Studio Version 17
VisualStudioVersion = 17.11.35208.52
MinimumVisualStudioVersion = 10.0.40219.1
Project("{FAE04EC0-301F-11D3-BF4B-00C04F79EFBC}") = "Practise5", "Practise5\Practise5.csproj", "{776EBD91-3C6C-431A-99B5-C44183289694}"
EndProject
Global
	GlobalSection(SolutionConfigurationPlatforms) = preSolution
		Debug|Any CPU = Debug|Any CPU
		Release|Any CPU = Release|Any CPU
	EndGlobalSection
	GlobalSection(ProjectConfigurationPlatforms) = postSolution
		{776EBD91-3C6C-431A-99B5-C44183289694}.Debug|Any CPU.ActiveCfg = Debug|Any CPU
		{776EBD91-3C6C-431A-99B5-C44183289694}.Debug|Any CPU.Build.0 = Debug|Any CPU
		{776EBD91-3C6C-431A-99B5-C44183289694}.Release|Any CPU.ActiveCfg = Release|Any CPU
		{776EBD91-3C6C-431A-99B5-C44183289694}.Release|Any CPU.Build.0 = Release|Any CPU
	EndGlobalSection
	GlobalSection(SolutionProperties) = preSolution
		HideSolutionNode = FALSE
	EndGlobalSection
	GlobalSection(ExtensibilityGlobals) = postSolution
		SolutionGuid = {B24947CA-8650-4475-8576-DFFA8167B5CF}
	EndGlobalSection
EndGlobal
