
Microsoft Visual Studio Solution File, Format Version 12.00
# Visual Studio Version 17
VisualStudioVersion = 17.11.35208.52
MinimumVisualStudioVersion = 10.0.40219.1
Project("{FAE04EC0-301F-11D3-BF4B-00C04F79EFBC}") = "Practise10", "Practise10\Practise10.csproj", "{29BD73BD-7669-4CE8-8E74-A75F7851F774}"
EndProject
Global
	GlobalSection(SolutionConfigurationPlatforms) = preSolution
		Debug|Any CPU = Debug|Any CPU
		Release|Any CPU = Release|Any CPU
	EndGlobalSection
	GlobalSection(ProjectConfigurationPlatforms) = postSolution
		{29BD73BD-7669-4CE8-8E74-A75F7851F774}.Debug|Any CPU.ActiveCfg = Debug|Any CPU
		{29BD73BD-7669-4CE8-8E74-A75F7851F774}.Debug|Any CPU.Build.0 = Debug|Any CPU
		{29BD73BD-7669-4CE8-8E74-A75F7851F774}.Release|Any CPU.ActiveCfg = Release|Any CPU
		{29BD73BD-7669-4CE8-8E74-A75F7851F774}.Release|Any CPU.Build.0 = Release|Any CPU
	EndGlobalSection
	GlobalSection(SolutionProperties) = preSolution
		HideSolutionNode = FALSE
	EndGlobalSection
	GlobalSection(ExtensibilityGlobals) = postSolution
		SolutionGuid = {528209FE-6EED-4BF9-860C-6D9E057E6602}
	EndGlobalSection
EndGlobal
