
Microsoft Visual Studio Solution File, Format Version 12.00
# Visual Studio Version 17
VisualStudioVersion = 17.10.35122.118
MinimumVisualStudioVersion = 10.0.40219.1
Project("{FAE04EC0-301F-11D3-BF4B-00C04F79EFBC}") = "Practise", "Practise\Practise.csproj", "{1B1574CC-03AA-4817-9A88-27450199F8E3}"
EndProject
Global
	GlobalSection(SolutionConfigurationPlatforms) = preSolution
		Debug|Any CPU = Debug|Any CPU
		Release|Any CPU = Release|Any CPU
	EndGlobalSection
	GlobalSection(ProjectConfigurationPlatforms) = postSolution
		{1B1574CC-03AA-4817-9A88-27450199F8E3}.Debug|Any CPU.ActiveCfg = Debug|Any CPU
		{1B1574CC-03AA-4817-9A88-27450199F8E3}.Debug|Any CPU.Build.0 = Debug|Any CPU
		{1B1574CC-03AA-4817-9A88-27450199F8E3}.Release|Any CPU.ActiveCfg = Release|Any CPU
		{1B1574CC-03AA-4817-9A88-27450199F8E3}.Release|Any CPU.Build.0 = Release|Any CPU
	EndGlobalSection
	GlobalSection(SolutionProperties) = preSolution
		HideSolutionNode = FALSE
	EndGlobalSection
	GlobalSection(ExtensibilityGlobals) = postSolution
		SolutionGuid = {2DBBAA20-610C-48D3-AF9D-693B87E5F715}
	EndGlobalSection
EndGlobal
