
Microsoft Visual Studio Solution File, Format Version 12.00
# Visual Studio Version 17
VisualStudioVersion = 17.10.35027.167
MinimumVisualStudioVersion = 10.0.40219.1
Project("{FAE04EC0-301F-11D3-BF4B-00C04F79EFBC}") = "CSBasicCommand2", "CSBasicCommand2\CSBasicCommand2.csproj", "{75001990-8DC0-4CD2-9B8E-40D84CBD533D}"
EndProject
Global
	GlobalSection(SolutionConfigurationPlatforms) = preSolution
		Debug|Any CPU = Debug|Any CPU
		Release|Any CPU = Release|Any CPU
	EndGlobalSection
	GlobalSection(ProjectConfigurationPlatforms) = postSolution
		{75001990-8DC0-4CD2-9B8E-40D84CBD533D}.Debug|Any CPU.ActiveCfg = Debug|Any CPU
		{75001990-8DC0-4CD2-9B8E-40D84CBD533D}.Debug|Any CPU.Build.0 = Debug|Any CPU
		{75001990-8DC0-4CD2-9B8E-40D84CBD533D}.Release|Any CPU.ActiveCfg = Release|Any CPU
		{75001990-8DC0-4CD2-9B8E-40D84CBD533D}.Release|Any CPU.Build.0 = Release|Any CPU
	EndGlobalSection
	GlobalSection(SolutionProperties) = preSolution
		HideSolutionNode = FALSE
	EndGlobalSection
	GlobalSection(ExtensibilityGlobals) = postSolution
		SolutionGuid = {E502494F-3AA8-49A8-8D04-D9188C363200}
	EndGlobalSection
EndGlobal
