
Microsoft Visual Studio Solution File, Format Version 12.00
# Visual Studio Version 17
VisualStudioVersion = 17.11.35208.52
MinimumVisualStudioVersion = 10.0.40219.1
Project("{FAE04EC0-301F-11D3-BF4B-00C04F79EFBC}") = "MethodOverloading", "MethodOverloading\MethodOverloading.csproj", "{326797C4-6DCD-4C16-90C8-28D03D311260}"
EndProject
Global
	GlobalSection(SolutionConfigurationPlatforms) = preSolution
		Debug|Any CPU = Debug|Any CPU
		Release|Any CPU = Release|Any CPU
	EndGlobalSection
	GlobalSection(ProjectConfigurationPlatforms) = postSolution
		{326797C4-6DCD-4C16-90C8-28D03D311260}.Debug|Any CPU.ActiveCfg = Debug|Any CPU
		{326797C4-6DCD-4C16-90C8-28D03D311260}.Debug|Any CPU.Build.0 = Debug|Any CPU
		{326797C4-6DCD-4C16-90C8-28D03D311260}.Release|Any CPU.ActiveCfg = Release|Any CPU
		{326797C4-6DCD-4C16-90C8-28D03D311260}.Release|Any CPU.Build.0 = Release|Any CPU
	EndGlobalSection
	GlobalSection(SolutionProperties) = preSolution
		HideSolutionNode = FALSE
	EndGlobalSection
	GlobalSection(ExtensibilityGlobals) = postSolution
		SolutionGuid = {AF0AA891-1D26-4091-8ADF-93D618B75D1D}
	EndGlobalSection
EndGlobal
