
Microsoft Visual Studio Solution File, Format Version 12.00
# Visual Studio Version 17
VisualStudioVersion = 17.11.35208.52
MinimumVisualStudioVersion = 10.0.40219.1
Project("{FAE04EC0-301F-11D3-BF4B-00C04F79EFBC}") = "Practise12", "Practise12\Practise12.csproj", "{4900CDF3-2CE8-4537-A877-68DC7A895612}"
EndProject
Global
	GlobalSection(SolutionConfigurationPlatforms) = preSolution
		Debug|Any CPU = Debug|Any CPU
		Release|Any CPU = Release|Any CPU
	EndGlobalSection
	GlobalSection(ProjectConfigurationPlatforms) = postSolution
		{4900CDF3-2CE8-4537-A877-68DC7A895612}.Debug|Any CPU.ActiveCfg = Debug|Any CPU
		{4900CDF3-2CE8-4537-A877-68DC7A895612}.Debug|Any CPU.Build.0 = Debug|Any CPU
		{4900CDF3-2CE8-4537-A877-68DC7A895612}.Release|Any CPU.ActiveCfg = Release|Any CPU
		{4900CDF3-2CE8-4537-A877-68DC7A895612}.Release|Any CPU.Build.0 = Release|Any CPU
	EndGlobalSection
	GlobalSection(SolutionProperties) = preSolution
		HideSolutionNode = FALSE
	EndGlobalSection
	GlobalSection(ExtensibilityGlobals) = postSolution
		SolutionGuid = {54E6D756-04F3-4E50-80E9-EE4F8BA70C8F}
	EndGlobalSection
EndGlobal
