
Microsoft Visual Studio Solution File, Format Version 12.00
# Visual Studio Version 17
VisualStudioVersion = 17.10.35027.167
MinimumVisualStudioVersion = 10.0.40219.1
Project("{FAE04EC0-301F-11D3-BF4B-00C04F79EFBC}") = "CSBasicCommand3", "CSBasicCommand3\CSBasicCommand3.csproj", "{48C0CF4F-997C-4AD1-ADCD-660A89A1D5FA}"
EndProject
Global
	GlobalSection(SolutionConfigurationPlatforms) = preSolution
		Debug|Any CPU = Debug|Any CPU
		Release|Any CPU = Release|Any CPU
	EndGlobalSection
	GlobalSection(ProjectConfigurationPlatforms) = postSolution
		{48C0CF4F-997C-4AD1-ADCD-660A89A1D5FA}.Debug|Any CPU.ActiveCfg = Debug|Any CPU
		{48C0CF4F-997C-4AD1-ADCD-660A89A1D5FA}.Debug|Any CPU.Build.0 = Debug|Any CPU
		{48C0CF4F-997C-4AD1-ADCD-660A89A1D5FA}.Release|Any CPU.ActiveCfg = Release|Any CPU
		{48C0CF4F-997C-4AD1-ADCD-660A89A1D5FA}.Release|Any CPU.Build.0 = Release|Any CPU
	EndGlobalSection
	GlobalSection(SolutionProperties) = preSolution
		HideSolutionNode = FALSE
	EndGlobalSection
	GlobalSection(ExtensibilityGlobals) = postSolution
		SolutionGuid = {73C53FB3-0253-447A-819B-759B15C18516}
	EndGlobalSection
EndGlobal
