
Microsoft Visual Studio Solution File, Format Version 12.00
# Visual Studio Version 17
VisualStudioVersion = 17.11.35208.52
MinimumVisualStudioVersion = 10.0.40219.1
Project("{FAE04EC0-301F-11D3-BF4B-00C04F79EFBC}") = "Practise3", "Practise3\Practise3.csproj", "{DE5A5092-8FF1-41E1-864D-C1BAEE393B93}"
EndProject
Global
	GlobalSection(SolutionConfigurationPlatforms) = preSolution
		Debug|Any CPU = Debug|Any CPU
		Release|Any CPU = Release|Any CPU
	EndGlobalSection
	GlobalSection(ProjectConfigurationPlatforms) = postSolution
		{DE5A5092-8FF1-41E1-864D-C1BAEE393B93}.Debug|Any CPU.ActiveCfg = Debug|Any CPU
		{DE5A5092-8FF1-41E1-864D-C1BAEE393B93}.Debug|Any CPU.Build.0 = Debug|Any CPU
		{DE5A5092-8FF1-41E1-864D-C1BAEE393B93}.Release|Any CPU.ActiveCfg = Release|Any CPU
		{DE5A5092-8FF1-41E1-864D-C1BAEE393B93}.Release|Any CPU.Build.0 = Release|Any CPU
	EndGlobalSection
	GlobalSection(SolutionProperties) = preSolution
		HideSolutionNode = FALSE
	EndGlobalSection
	GlobalSection(ExtensibilityGlobals) = postSolution
		SolutionGuid = {2DC87E0E-4508-429B-9D27-FA19EED58ABC}
	EndGlobalSection
EndGlobal
