
Microsoft Visual Studio Solution File, Format Version 12.00
# Visual Studio Version 17
VisualStudioVersion = 17.11.35222.181
MinimumVisualStudioVersion = 10.0.40219.1
Project("{FAE04EC0-301F-11D3-BF4B-00C04F79EFBC}") = "SnakeGame", "SnakeGame\SnakeGame.csproj", "{CFF2B192-0295-4A09-AD59-366F414025DE}"
EndProject
Global
	GlobalSection(SolutionConfigurationPlatforms) = preSolution
		Debug|Any CPU = Debug|Any CPU
		Release|Any CPU = Release|Any CPU
	EndGlobalSection
	GlobalSection(ProjectConfigurationPlatforms) = postSolution
		{CFF2B192-0295-4A09-AD59-366F414025DE}.Debug|Any CPU.ActiveCfg = Debug|Any CPU
		{CFF2B192-0295-4A09-AD59-366F414025DE}.Debug|Any CPU.Build.0 = Debug|Any CPU
		{CFF2B192-0295-4A09-AD59-366F414025DE}.Release|Any CPU.ActiveCfg = Release|Any CPU
		{CFF2B192-0295-4A09-AD59-366F414025DE}.Release|Any CPU.Build.0 = Release|Any CPU
	EndGlobalSection
	GlobalSection(SolutionProperties) = preSolution
		HideSolutionNode = FALSE
	EndGlobalSection
	GlobalSection(ExtensibilityGlobals) = postSolution
		SolutionGuid = {20838B3F-B242-4380-A264-3434E4AAE15A}
	EndGlobalSection
EndGlobal
