
Microsoft Visual Studio Solution File, Format Version 12.00
# Visual Studio Version 17
VisualStudioVersion = 17.11.35208.52
MinimumVisualStudioVersion = 10.0.40219.1
Project("{FAE04EC0-301F-11D3-BF4B-00C04F79EFBC}") = "Practise4", "Practise4\Practise4.csproj", "{76857B47-8D9C-4D5B-8EF8-533BF3D2C80E}"
EndProject
Global
	GlobalSection(SolutionConfigurationPlatforms) = preSolution
		Debug|Any CPU = Debug|Any CPU
		Release|Any CPU = Release|Any CPU
	EndGlobalSection
	GlobalSection(ProjectConfigurationPlatforms) = postSolution
		{76857B47-8D9C-4D5B-8EF8-533BF3D2C80E}.Debug|Any CPU.ActiveCfg = Debug|Any CPU
		{76857B47-8D9C-4D5B-8EF8-533BF3D2C80E}.Debug|Any CPU.Build.0 = Debug|Any CPU
		{76857B47-8D9C-4D5B-8EF8-533BF3D2C80E}.Release|Any CPU.ActiveCfg = Release|Any CPU
		{76857B47-8D9C-4D5B-8EF8-533BF3D2C80E}.Release|Any CPU.Build.0 = Release|Any CPU
	EndGlobalSection
	GlobalSection(SolutionProperties) = preSolution
		HideSolutionNode = FALSE
	EndGlobalSection
	GlobalSection(ExtensibilityGlobals) = postSolution
		SolutionGuid = {D1A5E0A0-5836-4FD9-B545-63EBAD97D3FC}
	EndGlobalSection
EndGlobal
